
Microsoft Visual Studio Solution File, Format Version 12.00
# Visual Studio Version 16
VisualStudioVersion = 16.0.31605.320
MinimumVisualStudioVersion = 10.0.40219.1
Project("{9A19103F-16F7-4668-BE54-9A1E7A4F7556}") = "MYDBXAPI", "MYDBXAPI.csproj", "{F0FDCF80-999D-48D4-927A-67712B3EB5A4}"
EndProject
Project("{FAE04EC0-301F-11D3-BF4B-00C04F79EFBC}") = "WebTest", "..\WebTest\WebTest.csproj", "{8942ED77-615A-484B-AB52-9A27F8A379EA}"
EndProject
Global
	GlobalSection(SolutionConfigurationPlatforms) = preSolution
		Debug|Any CPU = Debug|Any CPU
		Release|Any CPU = Release|Any CPU
	EndGlobalSection
	GlobalSection(ProjectConfigurationPlatforms) = postSolution
		{F0FDCF80-999D-48D4-927A-67712B3EB5A4}.Debug|Any CPU.ActiveCfg = Debug|Any CPU
		{F0FDCF80-999D-48D4-927A-67712B3EB5A4}.Debug|Any CPU.Build.0 = Debug|Any CPU
		{F0FDCF80-999D-48D4-927A-67712B3EB5A4}.Release|Any CPU.ActiveCfg = Release|Any CPU
		{F0FDCF80-999D-48D4-927A-67712B3EB5A4}.Release|Any CPU.Build.0 = Release|Any CPU
		{8942ED77-615A-484B-AB52-9A27F8A379EA}.Debug|Any CPU.ActiveCfg = Debug|Any CPU
		{8942ED77-615A-484B-AB52-9A27F8A379EA}.Debug|Any CPU.Build.0 = Debug|Any CPU
		{8942ED77-615A-484B-AB52-9A27F8A379EA}.Release|Any CPU.ActiveCfg = Release|Any CPU
		{8942ED77-615A-484B-AB52-9A27F8A379EA}.Release|Any CPU.Build.0 = Release|Any CPU
	EndGlobalSection
	GlobalSection(SolutionProperties) = preSolution
		HideSolutionNode = FALSE
	EndGlobalSection
	GlobalSection(ExtensibilityGlobals) = postSolution
		SolutionGuid = {80F32E6C-1CA2-4531-B4C8-E01EAAADFDB1}
	EndGlobalSection
EndGlobal
